
Microsoft Visual Studio Solution File, Format Version 12.00
# Visual Studio Version 16
VisualStudioVersion = 16.0.30406.217
MinimumVisualStudioVersion = 10.0.40219.1
Project("{FAE04EC0-301F-11D3-BF4B-00C04F79EFBC}") = "Alıştırma 2", "Alıştırma 2\Alıştırma 2.csproj", "{1AB69A66-8189-4C8B-8359-3B2D623E2343}"
EndProject
Global
	GlobalSection(SolutionConfigurationPlatforms) = preSolution
		Debug|Any CPU = Debug|Any CPU
		Release|Any CPU = Release|Any CPU
	EndGlobalSection
	GlobalSection(ProjectConfigurationPlatforms) = postSolution
		{1AB69A66-8189-4C8B-8359-3B2D623E2343}.Debug|Any CPU.ActiveCfg = Debug|Any CPU
		{1AB69A66-8189-4C8B-8359-3B2D623E2343}.Debug|Any CPU.Build.0 = Debug|Any CPU
		{1AB69A66-8189-4C8B-8359-3B2D623E2343}.Release|Any CPU.ActiveCfg = Release|Any CPU
		{1AB69A66-8189-4C8B-8359-3B2D623E2343}.Release|Any CPU.Build.0 = Release|Any CPU
	EndGlobalSection
	GlobalSection(SolutionProperties) = preSolution
		HideSolutionNode = FALSE
	EndGlobalSection
	GlobalSection(ExtensibilityGlobals) = postSolution
		SolutionGuid = {54A23111-3C6E-44E1-8753-D5F3F1E8E023}
	EndGlobalSection
EndGlobal
